// !$*UTF8*$!
{
	archiveVersion = 1;
	classes = {
	};
	objectVersion = 51;
	objects = {

/* Begin PBXBuildFile section */
		33A6EB455E0B833ECA73E259 /* Pods_FirebaseLab.framework in Frameworks */ = {isa = PBXBuildFile; fileRef = 033199759734D46E33E50A81 /* Pods_FirebaseLab.framework */; };
		C103AE0F240F32E900702349 /* GoogleService-Info.plist in Resources */ = {isa = PBXBuildFile; fileRef = C103AE0E240F32E900702349 /* GoogleService-Info.plist */; };
		C103AE14240FD28B00702349 /* LoginView.swift in Sources */ = {isa = PBXBuildFile; fileRef = C103AE13240FD28B00702349 /* LoginView.swift */; };
		C103AE16240FD29500702349 /* MainView.swift in Sources */ = {isa = PBXBuildFile; fileRef = C103AE15240FD29500702349 /* MainView.swift */; };
		C103AE18240FD2A100702349 /* ProfileView.swift in Sources */ = {isa = PBXBuildFile; fileRef = C103AE17240FD2A100702349 /* ProfileView.swift */; };
		C103AE1A240FD2C500702349 /* LoginViewController.swift in Sources */ = {isa = PBXBuildFile; fileRef = C103AE19240FD2C500702349 /* LoginViewController.swift */; };
		C103AE1C240FD2D300702349 /* ProfileViewController.swift in Sources */ = {isa = PBXBuildFile; fileRef = C103AE1B240FD2D300702349 /* ProfileViewController.swift */; };
		C103AE1F240FDBAE00702349 /* AuthenticationSession.swift in Sources */ = {isa = PBXBuildFile; fileRef = C103AE1E240FDBAE00702349 /* AuthenticationSession.swift */; };
		C11C2F362409C4EA0097DBB3 /* AppDelegate.swift in Sources */ = {isa = PBXBuildFile; fileRef = C11C2F352409C4EA0097DBB3 /* AppDelegate.swift */; };
		C11C2F382409C4EA0097DBB3 /* SceneDelegate.swift in Sources */ = {isa = PBXBuildFile; fileRef = C11C2F372409C4EA0097DBB3 /* SceneDelegate.swift */; };
		C11C2F3A2409C4EA0097DBB3 /* ViewController.swift in Sources */ = {isa = PBXBuildFile; fileRef = C11C2F392409C4EA0097DBB3 /* ViewController.swift */; };
		C11C2F3F2409C4EC0097DBB3 /* Assets.xcassets in Resources */ = {isa = PBXBuildFile; fileRef = C11C2F3E2409C4EC0097DBB3 /* Assets.xcassets */; };
		C11C2F422409C4EC0097DBB3 /* LaunchScreen.storyboard in Resources */ = {isa = PBXBuildFile; fileRef = C11C2F402409C4EC0097DBB3 /* LaunchScreen.storyboard */; };
		C1705A4A241411D200F3981D /* String+Extension.swift in Sources */ = {isa = PBXBuildFile; fileRef = C1705A49241411D200F3981D /* String+Extension.swift */; };
/* End PBXBuildFile section */

/* Begin PBXFileReference section */
		033199759734D46E33E50A81 /* Pods_FirebaseLab.framework */ = {isa = PBXFileReference; explicitFileType = wrapper.framework; includeInIndex = 0; path = Pods_FirebaseLab.framework; sourceTree = BUILT_PRODUCTS_DIR; };
		2DC5E1FB77C8AA9132005AAB /* Pods-FirebaseLab.release.xcconfig */ = {isa = PBXFileReference; includeInIndex = 1; lastKnownFileType = text.xcconfig; name = "Pods-FirebaseLab.release.xcconfig"; path = "Target Support Files/Pods-FirebaseLab/Pods-FirebaseLab.release.xcconfig"; sourceTree = "<group>"; };
		63CA1B203D375AF306B903A5 /* Pods-FirebaseLab.debug.xcconfig */ = {isa = PBXFileReference; includeInIndex = 1; lastKnownFileType = text.xcconfig; name = "Pods-FirebaseLab.debug.xcconfig"; path = "Target Support Files/Pods-FirebaseLab/Pods-FirebaseLab.debug.xcconfig"; sourceTree = "<group>"; };
		C103AE0E240F32E900702349 /* GoogleService-Info.plist */ = {isa = PBXFileReference; lastKnownFileType = text.plist; path = "GoogleService-Info.plist"; sourceTree = SOURCE_ROOT; };
		C103AE13240FD28B00702349 /* LoginView.swift */ = {isa = PBXFileReference; lastKnownFileType = sourcecode.swift; path = LoginView.swift; sourceTree = "<group>"; };
		C103AE15240FD29500702349 /* MainView.swift */ = {isa = PBXFileReference; lastKnownFileType = sourcecode.swift; path = MainView.swift; sourceTree = "<group>"; };
		C103AE17240FD2A100702349 /* ProfileView.swift */ = {isa = PBXFileReference; lastKnownFileType = sourcecode.swift; path = ProfileView.swift; sourceTree = "<group>"; };
		C103AE19240FD2C500702349 /* LoginViewController.swift */ = {isa = PBXFileReference; lastKnownFileType = sourcecode.swift; path = LoginViewController.swift; sourceTree = "<group>"; };
		C103AE1B240FD2D300702349 /* ProfileViewController.swift */ = {isa = PBXFileReference; lastKnownFileType = sourcecode.swift; path = ProfileViewController.swift; sourceTree = "<group>"; };
		C103AE1E240FDBAE00702349 /* AuthenticationSession.swift */ = {isa = PBXFileReference; lastKnownFileType = sourcecode.swift; path = AuthenticationSession.swift; sourceTree = "<group>"; };
		C11C2F322409C4EA0097DBB3 /* FirebaseLab.app */ = {isa = PBXFileReference; explicitFileType = wrapper.application; includeInIndex = 0; path = FirebaseLab.app; sourceTree = BUILT_PRODUCTS_DIR; };
		C11C2F352409C4EA0097DBB3 /* AppDelegate.swift */ = {isa = PBXFileReference; lastKnownFileType = sourcecode.swift; path = AppDelegate.swift; sourceTree = "<group>"; };
		C11C2F372409C4EA0097DBB3 /* SceneDelegate.swift */ = {isa = PBXFileReference; lastKnownFileType = sourcecode.swift; path = SceneDelegate.swift; sourceTree = "<group>"; };
		C11C2F392409C4EA0097DBB3 /* ViewController.swift */ = {isa = PBXFileReference; lastKnownFileType = sourcecode.swift; path = ViewController.swift; sourceTree = "<group>"; };
		C11C2F3E2409C4EC0097DBB3 /* Assets.xcassets */ = {isa = PBXFileReference; lastKnownFileType = folder.assetcatalog; path = Assets.xcassets; sourceTree = "<group>"; };
		C11C2F412409C4EC0097DBB3 /* Base */ = {isa = PBXFileReference; lastKnownFileType = file.storyboard; name = Base; path = Base.lproj/LaunchScreen.storyboard; sourceTree = "<group>"; };
		C11C2F432409C4EC0097DBB3 /* Info.plist */ = {isa = PBXFileReference; lastKnownFileType = text.plist.xml; path = Info.plist; sourceTree = "<group>"; };
		C1705A49241411D200F3981D /* String+Extension.swift */ = {isa = PBXFileReference; lastKnownFileType = sourcecode.swift; path = "String+Extension.swift"; sourceTree = "<group>"; };
/* End PBXFileReference section */

/* Begin PBXFrameworksBuildPhase section */
		C11C2F2F2409C4EA0097DBB3 /* Frameworks */ = {
			isa = PBXFrameworksBuildPhase;
			buildActionMask = 2147483647;
			files = (
				33A6EB455E0B833ECA73E259 /* Pods_FirebaseLab.framework in Frameworks */,
			);
			runOnlyForDeploymentPostprocessing = 0;
		};
/* End PBXFrameworksBuildPhase section */

/* Begin PBXGroup section */
		547E22C15C495D8820C03C36 /* Frameworks */ = {
			isa = PBXGroup;
			children = (
				033199759734D46E33E50A81 /* Pods_FirebaseLab.framework */,
			);
			name = Frameworks;
			sourceTree = "<group>";
		};
		C103AE10240FD1A200702349 /* Supporting Files */ = {
			isa = PBXGroup;
			children = (
				C11C2F352409C4EA0097DBB3 /* AppDelegate.swift */,
				C11C2F372409C4EA0097DBB3 /* SceneDelegate.swift */,
				C1705A49241411D200F3981D /* String+Extension.swift */,
			);
			path = "Supporting Files";
			sourceTree = "<group>";
		};
		C103AE11240FD1BC00702349 /* Views */ = {
			isa = PBXGroup;
			children = (
				C103AE13240FD28B00702349 /* LoginView.swift */,
				C103AE15240FD29500702349 /* MainView.swift */,
				C103AE17240FD2A100702349 /* ProfileView.swift */,
			);
			path = Views;
			sourceTree = "<group>";
		};
		C103AE12240FD1C100702349 /* View Controllers */ = {
			isa = PBXGroup;
			children = (
				C11C2F392409C4EA0097DBB3 /* ViewController.swift */,
				C103AE19240FD2C500702349 /* LoginViewController.swift */,
				C103AE1B240FD2D300702349 /* ProfileViewController.swift */,
			);
			path = "View Controllers";
			sourceTree = "<group>";
		};
		C103AE1D240FDB9400702349 /* FirebaseServices */ = {
			isa = PBXGroup;
			children = (
				C103AE1E240FDBAE00702349 /* AuthenticationSession.swift */,
			);
			path = FirebaseServices;
			sourceTree = "<group>";
		};
		C11C2F292409C4EA0097DBB3 = {
			isa = PBXGroup;
			children = (
				C11C2F342409C4EA0097DBB3 /* FirebaseLab */,
				C11C2F332409C4EA0097DBB3 /* Products */,
				CD594F8D97E2FE580E1C6AFE /* Pods */,
				547E22C15C495D8820C03C36 /* Frameworks */,
			);
			sourceTree = "<group>";
		};
		C11C2F332409C4EA0097DBB3 /* Products */ = {
			isa = PBXGroup;
			children = (
				C11C2F322409C4EA0097DBB3 /* FirebaseLab.app */,
			);
			name = Products;
			sourceTree = "<group>";
		};
		C11C2F342409C4EA0097DBB3 /* FirebaseLab */ = {
			isa = PBXGroup;
			children = (
				C103AE1D240FDB9400702349 /* FirebaseServices */,
				C103AE12240FD1C100702349 /* View Controllers */,
				C103AE11240FD1BC00702349 /* Views */,
				C103AE10240FD1A200702349 /* Supporting Files */,
				C11C2F3E2409C4EC0097DBB3 /* Assets.xcassets */,
				C11C2F402409C4EC0097DBB3 /* LaunchScreen.storyboard */,
				C11C2F432409C4EC0097DBB3 /* Info.plist */,
				C103AE0E240F32E900702349 /* GoogleService-Info.plist */,
			);
			path = FirebaseLab;
			sourceTree = "<group>";
		};
		CD594F8D97E2FE580E1C6AFE /* Pods */ = {
			isa = PBXGroup;
			children = (
				63CA1B203D375AF306B903A5 /* Pods-FirebaseLab.debug.xcconfig */,
				2DC5E1FB77C8AA9132005AAB /* Pods-FirebaseLab.release.xcconfig */,
			);
			path = Pods;
			sourceTree = "<group>";
		};
/* End PBXGroup section */

/* Begin PBXNativeTarget section */
		C11C2F312409C4EA0097DBB3 /* FirebaseLab */ = {
			isa = PBXNativeTarget;
			buildConfigurationList = C11C2F462409C4EC0097DBB3 /* Build configuration list for PBXNativeTarget "FirebaseLab" */;
			buildPhases = (
				9B58A253109BBE94707CDE50 /* [CP] Check Pods Manifest.lock */,
				C11C2F2E2409C4EA0097DBB3 /* Sources */,
				C11C2F2F2409C4EA0097DBB3 /* Frameworks */,
				C11C2F302409C4EA0097DBB3 /* Resources */,
				19F22BCA09EF808B45AD12F0 /* [CP] Embed Pods Frameworks */,
			);
			buildRules = (
			);
			dependencies = (
			);
			name = FirebaseLab;
			productName = FirebaseLab;
			productReference = C11C2F322409C4EA0097DBB3 /* FirebaseLab.app */;
			productType = "com.apple.product-type.application";
		};
/* End PBXNativeTarget section */

/* Begin PBXProject section */
		C11C2F2A2409C4EA0097DBB3 /* Project object */ = {
			isa = PBXProject;
			attributes = {
				LastSwiftUpdateCheck = 1130;
				LastUpgradeCheck = 1130;
				ORGANIZATIONNAME = "Gregory Keeley";
				TargetAttributes = {
					C11C2F312409C4EA0097DBB3 = {
						CreatedOnToolsVersion = 11.3.1;
					};
				};
			};
			buildConfigurationList = C11C2F2D2409C4EA0097DBB3 /* Build configuration list for PBXProject "FirebaseLab" */;
			compatibilityVersion = "Xcode 9.3";
			developmentRegion = en;
			hasScannedForEncodings = 0;
			knownRegions = (
				en,
				Base,
			);
			mainGroup = C11C2F292409C4EA0097DBB3;
			productRefGroup = C11C2F332409C4EA0097DBB3 /* Products */;
			projectDirPath = "";
			projectRoot = "";
			targets = (
				C11C2F312409C4EA0097DBB3 /* FirebaseLab */,
			);
		};
/* End PBXProject section */

/* Begin PBXResourcesBuildPhase section */
		C11C2F302409C4EA0097DBB3 /* Resources */ = {
			isa = PBXResourcesBuildPhase;
			buildActionMask = 2147483647;
			files = (
				C11C2F422409C4EC0097DBB3 /* LaunchScreen.storyboard in Resources */,
				C103AE0F240F32E900702349 /* GoogleService-Info.plist in Resources */,
				C11C2F3F2409C4EC0097DBB3 /* Assets.xcassets in Resources */,
			);
			runOnlyForDeploymentPostprocessing = 0;
		};
/* End PBXResourcesBuildPhase section */

/* Begin PBXShellScriptBuildPhase section */
		19F22BCA09EF808B45AD12F0 /* [CP] Embed Pods Frameworks */ = {
			isa = PBXShellScriptBuildPhase;
			buildActionMask = 2147483647;
			files = (
			);
			inputFileListPaths = (
				"${PODS_ROOT}/Target Support Files/Pods-FirebaseLab/Pods-FirebaseLab-frameworks-${CONFIGURATION}-input-files.xcfilelist",
			);
			name = "[CP] Embed Pods Frameworks";
			outputFileListPaths = (
				"${PODS_ROOT}/Target Support Files/Pods-FirebaseLab/Pods-FirebaseLab-frameworks-${CONFIGURATION}-output-files.xcfilelist",
			);
			runOnlyForDeploymentPostprocessing = 0;
			shellPath = /bin/sh;
			shellScript = "\"${PODS_ROOT}/Target Support Files/Pods-FirebaseLab/Pods-FirebaseLab-frameworks.sh\"\n";
			showEnvVarsInLog = 0;
		};
		9B58A253109BBE94707CDE50 /* [CP] Check Pods Manifest.lock */ = {
			isa = PBXShellScriptBuildPhase;
			buildActionMask = 2147483647;
			files = (
			);
			inputFileListPaths = (
			);
			inputPaths = (
				"${PODS_PODFILE_DIR_PATH}/Podfile.lock",
				"${PODS_ROOT}/Manifest.lock",
			);
			name = "[CP] Check Pods Manifest.lock";
			outputFileListPaths = (
			);
			outputPaths = (
				"$(DERIVED_FILE_DIR)/Pods-FirebaseLab-checkManifestLockResult.txt",
			);
			runOnlyForDeploymentPostprocessing = 0;
			shellPath = /bin/sh;
			shellScript = "diff \"${PODS_PODFILE_DIR_PATH}/Podfile.lock\" \"${PODS_ROOT}/Manifest.lock\" > /dev/null\nif [ $? != 0 ] ; then\n    # print error to STDERR\n    echo \"error: The sandbox is not in sync with the Podfile.lock. Run 'pod install' or update your CocoaPods installation.\" >&2\n    exit 1\nfi\n# This output is used by Xcode 'outputs' to avoid re-running this script phase.\necho \"SUCCESS\" > \"${SCRIPT_OUTPUT_FILE_0}\"\n";
			showEnvVarsInLog = 0;
		};
/* End PBXShellScriptBuildPhase section */

/* Begin PBXSourcesBuildPhase section */
		C11C2F2E2409C4EA0097DBB3 /* Sources */ = {
			isa = PBXSourcesBuildPhase;
			buildActionMask = 2147483647;
			files = (
				C103AE1A240FD2C500702349 /* LoginViewController.swift in Sources */,
				C103AE1F240FDBAE00702349 /* AuthenticationSession.swift in Sources */,
				C11C2F3A2409C4EA0097DBB3 /* ViewController.swift in Sources */,
				C11C2F362409C4EA0097DBB3 /* AppDelegate.swift in Sources */,
				C103AE14240FD28B00702349 /* LoginView.swift in Sources */,
				C103AE16240FD29500702349 /* MainView.swift in Sources */,
				C103AE18240FD2A100702349 /* ProfileView.swift in Sources */,
				C103AE1C240FD2D300702349 /* ProfileViewController.swift in Sources */,
				C1705A4A241411D200F3981D /* String+Extension.swift in Sources */,
				C11C2F382409C4EA0097DBB3 /* SceneDelegate.swift in Sources */,
			);
			runOnlyForDeploymentPostprocessing = 0;
		};
/* End PBXSourcesBuildPhase section */

/* Begin PBXVariantGroup section */
		C11C2F402409C4EC0097DBB3 /* LaunchScreen.storyboard */ = {
			isa = PBXVariantGroup;
			children = (
				C11C2F412409C4EC0097DBB3 /* Base */,
			);
			name = LaunchScreen.storyboard;
			sourceTree = "<group>";
		};
/* End PBXVariantGroup section */

/* Begin XCBuildConfiguration section */
		C11C2F442409C4EC0097DBB3 /* Debug */ = {
			isa = XCBuildConfiguration;
			buildSettings = {
				ALWAYS_SEARCH_USER_PATHS = NO;
				CLANG_ANALYZER_NONNULL = YES;
				CLANG_ANALYZER_NUMBER_OBJECT_CONVERSION = YES_AGGRESSIVE;
				CLANG_CXX_LANGUAGE_STANDARD = "gnu++14";
				CLANG_CXX_LIBRARY = "libc++";
				CLANG_ENABLE_MODULES = YES;
				CLANG_ENABLE_OBJC_ARC = YES;
				CLANG_ENABLE_OBJC_WEAK = YES;
				CLANG_WARN_BLOCK_CAPTURE_AUTORELEASING = YES;
				CLANG_WARN_BOOL_CONVERSION = YES;
				CLANG_WARN_COMMA = YES;
				CLANG_WARN_CONSTANT_CONVERSION = YES;
				CLANG_WARN_DEPRECATED_OBJC_IMPLEMENTATIONS = YES;
				CLANG_WARN_DIRECT_OBJC_ISA_USAGE = YES_ERROR;
				CLANG_WARN_DOCUMENTATION_COMMENTS = YES;
				CLANG_WARN_EMPTY_BODY = YES;
				CLANG_WARN_ENUM_CONVERSION = YES;
				CLANG_WARN_INFINITE_RECURSION = YES;
				CLANG_WARN_INT_CONVERSION = YES;
				CLANG_WARN_NON_LITERAL_NULL_CONVERSION = YES;
				CLANG_WARN_OBJC_IMPLICIT_RETAIN_SELF = YES;
				CLANG_WARN_OBJC_LITERAL_CONVERSION = YES;
				CLANG_WARN_OBJC_ROOT_CLASS = YES_ERROR;
				CLANG_WARN_RANGE_LOOP_ANALYSIS = YES;
				CLANG_WARN_STRICT_PROTOTYPES = YES;
				CLANG_WARN_SUSPICIOUS_MOVE = YES;
				CLANG_WARN_UNGUARDED_AVAILABILITY = YES_AGGRESSIVE;
				CLANG_WARN_UNREACHABLE_CODE = YES;
				CLANG_WARN__DUPLICATE_METHOD_MATCH = YES;
				COPY_PHASE_STRIP = NO;
				DEBUG_INFORMATION_FORMAT = dwarf;
				ENABLE_STRICT_OBJC_MSGSEND = YES;
				ENABLE_TESTABILITY = YES;
				GCC_C_LANGUAGE_STANDARD = gnu11;
				GCC_DYNAMIC_NO_PIC = NO;
				GCC_NO_COMMON_BLOCKS = YES;
				GCC_OPTIMIZATION_LEVEL = 0;
				GCC_PREPROCESSOR_DEFINITIONS = (
					"DEBUG=1",
					"$(inherited)",
				);
				GCC_WARN_64_TO_32_BIT_CONVERSION = YES;
				GCC_WARN_ABOUT_RETURN_TYPE = YES_ERROR;
				GCC_WARN_UNDECLARED_SELECTOR = YES;
				GCC_WARN_UNINITIALIZED_AUTOS = YES_AGGRESSIVE;
				GCC_WARN_UNUSED_FUNCTION = YES;
				GCC_WARN_UNUSED_VARIABLE = YES;
				IPHONEOS_DEPLOYMENT_TARGET = 13.2;
				MTL_ENABLE_DEBUG_INFO = INCLUDE_SOURCE;
				MTL_FAST_MATH = YES;
				ONLY_ACTIVE_ARCH = YES;
				SDKROOT = iphoneos;
				SWIFT_ACTIVE_COMPILATION_CONDITIONS = DEBUG;
				SWIFT_OPTIMIZATION_LEVEL = "-Onone";
			};
			name = Debug;
		};
		C11C2F452409C4EC0097DBB3 /* Release */ = {
			isa = XCBuildConfiguration;
			buildSettings = {
				ALWAYS_SEARCH_USER_PATHS = NO;
				CLANG_ANALYZER_NONNULL = YES;
				CLANG_ANALYZER_NUMBER_OBJECT_CONVERSION = YES_AGGRESSIVE;
				CLANG_CXX_LANGUAGE_STANDARD = "gnu++14";
				CLANG_CXX_LIBRARY = "libc++";
				CLANG_ENABLE_MODULES = YES;
				CLANG_ENABLE_OBJC_ARC = YES;
				CLANG_ENABLE_OBJC_WEAK = YES;
				CLANG_WARN_BLOCK_CAPTURE_AUTORELEASING = YES;
				CLANG_WARN_BOOL_CONVERSION = YES;
				CLANG_WARN_COMMA = YES;
				CLANG_WARN_CONSTANT_CONVERSION = YES;
				CLANG_WARN_DEPRECATED_OBJC_IMPLEMENTATIONS = YES;
				CLANG_WARN_DIRECT_OBJC_ISA_USAGE = YES_ERROR;
				CLANG_WARN_DOCUMENTATION_COMMENTS = YES;
				CLANG_WARN_EMPTY_BODY = YES;
				CLANG_WARN_ENUM_CONVERSION = YES;
				CLANG_WARN_INFINITE_RECURSION = YES;
				CLANG_WARN_INT_CONVERSION = YES;
				CLANG_WARN_NON_LITERAL_NULL_CONVERSION = YES;
				CLANG_WARN_OBJC_IMPLICIT_RETAIN_SELF = YES;
				CLANG_WARN_OBJC_LITERAL_CONVERSION = YES;
				CLANG_WARN_OBJC_ROOT_CLASS = YES_ERROR;
				CLANG_WARN_RANGE_LOOP_ANALYSIS = YES;
				CLANG_WARN_STRICT_PROTOTYPES = YES;
				CLANG_WARN_SUSPICIOUS_MOVE = YES;
				CLANG_WARN_UNGUARDED_AVAILABILITY = YES_AGGRESSIVE;
				CLANG_WARN_UNREACHABLE_CODE = YES;
				CLANG_WARN__DUPLICATE_METHOD_MATCH = YES;
				COPY_PHASE_STRIP = NO;
				DEBUG_INFORMATION_FORMAT = "dwarf-with-dsym";
				ENABLE_NS_ASSERTIONS = NO;
				ENABLE_STRICT_OBJC_MSGSEND = YES;
				GCC_C_LANGUAGE_STANDARD = gnu11;
				GCC_NO_COMMON_BLOCKS = YES;
				GCC_WARN_64_TO_32_BIT_CONVERSION = YES;
				GCC_WARN_ABOUT_RETURN_TYPE = YES_ERROR;
				GCC_WARN_UNDECLARED_SELECTOR = YES;
				GCC_WARN_UNINITIALIZED_AUTOS = YES_AGGRESSIVE;
				GCC_WARN_UNUSED_FUNCTION = YES;
				GCC_WARN_UNUSED_VARIABLE = YES;
				IPHONEOS_DEPLOYMENT_TARGET = 13.2;
				MTL_ENABLE_DEBUG_INFO = NO;
				MTL_FAST_MATH = YES;
				SDKROOT = iphoneos;
				SWIFT_COMPILATION_MODE = wholemodule;
				SWIFT_OPTIMIZATION_LEVEL = "-O";
				VALIDATE_PRODUCT = YES;
			};
			name = Release;
		};
		C11C2F472409C4EC0097DBB3 /* Debug */ = {
			isa = XCBuildConfiguration;
			baseConfigurationReference = 63CA1B203D375AF306B903A5 /* Pods-FirebaseLab.debug.xcconfig */;
			buildSettings = {
				ASSETCATALOG_COMPILER_APPICON_NAME = AppIcon;
				CODE_SIGN_STYLE = Automatic;
				DEVELOPMENT_TEAM = 26RHXP32FH;
				INFOPLIST_FILE = FirebaseLab/Info.plist;
				LD_RUNPATH_SEARCH_PATHS = (
					"$(inherited)",
					"@executable_path/Frameworks",
				);
				PRODUCT_BUNDLE_IDENTIFIER = org.gregkeeley.FirebaseLab;
				PRODUCT_NAME = "$(TARGET_NAME)";
				SWIFT_VERSION = 5.0;
				TARGETED_DEVICE_FAMILY = "1,2";
			};
			name = Debug;
		};
		C11C2F482409C4EC0097DBB3 /* Release */ = {
			isa = XCBuildConfiguration;
			baseConfigurationReference = 2DC5E1FB77C8AA9132005AAB /* Pods-FirebaseLab.release.xcconfig */;
			buildSettings = {
				ASSETCATALOG_COMPILER_APPICON_NAME = AppIcon;
				CODE_SIGN_STYLE = Automatic;
				DEVELOPMENT_TEAM = 26RHXP32FH;
				INFOPLIST_FILE = FirebaseLab/Info.plist;
				LD_RUNPATH_SEARCH_PATHS = (
					"$(inherited)",
					"@executable_path/Frameworks",
				);
				PRODUCT_BUNDLE_IDENTIFIER = org.gregkeeley.FirebaseLab;
				PRODUCT_NAME = "$(TARGET_NAME)";
				SWIFT_VERSION = 5.0;
				TARGETED_DEVICE_FAMILY = "1,2";
			};
			name = Release;
		};
/* End XCBuildConfiguration section */

/* Begin XCConfigurationList section */
		C11C2F2D2409C4EA0097DBB3 /* Build configuration list for PBXProject "FirebaseLab" */ = {
			isa = XCConfigurationList;
			buildConfigurations = (
				C11C2F442409C4EC0097DBB3 /* Debug */,
				C11C2F452409C4EC0097DBB3 /* Release */,
			);
			defaultConfigurationIsVisible = 0;
			defaultConfigurationName = Release;
		};
		C11C2F462409C4EC0097DBB3 /* Build configuration list for PBXNativeTarget "FirebaseLab" */ = {
			isa = XCConfigurationList;
			buildConfigurations = (
				C11C2F472409C4EC0097DBB3 /* Debug */,
				C11C2F482409C4EC0097DBB3 /* Release */,
			);
			defaultConfigurationIsVisible = 0;
			defaultConfigurationName = Release;
		};
/* End XCConfigurationList section */
	};
	rootObject = C11C2F2A2409C4EA0097DBB3 /* Project object */;
}
